// !$*UTF8*$!
{
	archiveVersion = 1;
	classes = {
	};
	objectVersion = 46;
	objects = {

/* Begin PBXBuildFile section */
		2F1160DE1C731CAE0039C416 /* AppDelegate.swift in Sources */ = {isa = PBXBuildFile; fileRef = 2F1160DD1C731CAE0039C416 /* AppDelegate.swift */; };
		2F1160E01C731CAF0039C416 /* DetailViewController.swift in Sources */ = {isa = PBXBuildFile; fileRef = 2F1160DF1C731CAF0039C416 /* DetailViewController.swift */; };
		2F1160E31C731CAF0039C416 /* Main.storyboard in Resources */ = {isa = PBXBuildFile; fileRef = 2F1160E11C731CAF0039C416 /* Main.storyboard */; };
		2F1160E51C731CB00039C416 /* Assets.xcassets in Resources */ = {isa = PBXBuildFile; fileRef = 2F1160E41C731CB00039C416 /* Assets.xcassets */; };
		2F1160E81C731CB00039C416 /* LaunchScreen.storyboard in Resources */ = {isa = PBXBuildFile; fileRef = 2F1160E61C731CB00039C416 /* LaunchScreen.storyboard */; };
		2FDD1EE21C73C6C600DE725B /* TableViewController.swift in Sources */ = {isa = PBXBuildFile; fileRef = 2FDD1EE11C73C6C600DE725B /* TableViewController.swift */; };
		2FDD1EE41C73C80D00DE725B /* Location.swift in Sources */ = {isa = PBXBuildFile; fileRef = 2FDD1EE31C73C80D00DE725B /* Location.swift */; };
		988E87F81C73D326000294BF /* Locations.swift in Sources */ = {isa = PBXBuildFile; fileRef = 988E87F71C73D326000294BF /* Locations.swift */; };
		988E87FA1C73D9F4000294BF /* images.xcassets in Resources */ = {isa = PBXBuildFile; fileRef = 988E87F91C73D9F4000294BF /* images.xcassets */; };
/* End PBXBuildFile section */

/* Begin PBXFileReference section */
		2F1160DA1C731CAC0039C416 /* lab-4.app */ = {isa = PBXFileReference; explicitFileType = wrapper.application; includeInIndex = 0; path = "lab-4.app"; sourceTree = BUILT_PRODUCTS_DIR; };
		2F1160DD1C731CAE0039C416 /* AppDelegate.swift */ = {isa = PBXFileReference; lastKnownFileType = sourcecode.swift; path = AppDelegate.swift; sourceTree = "<group>"; };
		2F1160DF1C731CAF0039C416 /* DetailViewController.swift */ = {isa = PBXFileReference; lastKnownFileType = sourcecode.swift; path = DetailViewController.swift; sourceTree = "<group>"; };
		2F1160E21C731CAF0039C416 /* Base */ = {isa = PBXFileReference; lastKnownFileType = file.storyboard; name = Base; path = Base.lproj/Main.storyboard; sourceTree = "<group>"; };
		2F1160E41C731CB00039C416 /* Assets.xcassets */ = {isa = PBXFileReference; lastKnownFileType = folder.assetcatalog; path = Assets.xcassets; sourceTree = "<group>"; };
		2F1160E71C731CB00039C416 /* Base */ = {isa = PBXFileReference; lastKnownFileType = file.storyboard; name = Base; path = Base.lproj/LaunchScreen.storyboard; sourceTree = "<group>"; };
		2F1160E91C731CB00039C416 /* Info.plist */ = {isa = PBXFileReference; lastKnownFileType = text.plist.xml; path = Info.plist; sourceTree = "<group>"; };
		2FDD1EE11C73C6C600DE725B /* TableViewController.swift */ = {isa = PBXFileReference; fileEncoding = 4; lastKnownFileType = sourcecode.swift; path = TableViewController.swift; sourceTree = "<group>"; };
		2FDD1EE31C73C80D00DE725B /* Location.swift */ = {isa = PBXFileReference; fileEncoding = 4; lastKnownFileType = sourcecode.swift; path = Location.swift; sourceTree = "<group>"; };
		988E87F71C73D326000294BF /* Locations.swift */ = {isa = PBXFileReference; fileEncoding = 4; lastKnownFileType = sourcecode.swift; path = Locations.swift; sourceTree = "<group>"; };
		988E87F91C73D9F4000294BF /* images.xcassets */ = {isa = PBXFileReference; lastKnownFileType = folder.assetcatalog; path = images.xcassets; sourceTree = "<group>"; };
/* End PBXFileReference section */

/* Begin PBXFrameworksBuildPhase section */
		2F1160D71C731CAB0039C416 /* Frameworks */ = {
			isa = PBXFrameworksBuildPhase;
			buildActionMask = 2147483647;
			files = (
			);
			runOnlyForDeploymentPostprocessing = 0;
		};
/* End PBXFrameworksBuildPhase section */

/* Begin PBXGroup section */
		2F1160D11C731CAB0039C416 = {
			isa = PBXGroup;
			children = (
				2F1160DC1C731CAC0039C416 /* lab-4 */,
				2F1160DB1C731CAC0039C416 /* Products */,
			);
			sourceTree = "<group>";
		};
		2F1160DB1C731CAC0039C416 /* Products */ = {
			isa = PBXGroup;
			children = (
				2F1160DA1C731CAC0039C416 /* lab-4.app */,
			);
			name = Products;
			sourceTree = "<group>";
		};
		2F1160DC1C731CAC0039C416 /* lab-4 */ = {
			isa = PBXGroup;
			children = (
				2F1160DD1C731CAE0039C416 /* AppDelegate.swift */,
				2F1160DF1C731CAF0039C416 /* DetailViewController.swift */,
				2F1160E11C731CAF0039C416 /* Main.storyboard */,
				2F1160E41C731CB00039C416 /* Assets.xcassets */,
				2F1160E61C731CB00039C416 /* LaunchScreen.storyboard */,
				2F1160E91C731CB00039C416 /* Info.plist */,
				2FDD1EE11C73C6C600DE725B /* TableViewController.swift */,
				2FDD1EE31C73C80D00DE725B /* Location.swift */,
				988E87F71C73D326000294BF /* Locations.swift */,
				988E87F91C73D9F4000294BF /* images.xcassets */,
			);
			path = "lab-4";
			sourceTree = "<group>";
		};
/* End PBXGroup section */

/* Begin PBXNativeTarget section */
		2F1160D91C731CAB0039C416 /* lab-4 */ = {
			isa = PBXNativeTarget;
			buildConfigurationList = 2F1160EC1C731CB00039C416 /* Build configuration list for PBXNativeTarget "lab-4" */;
			buildPhases = (
				2F1160D61C731CAB0039C416 /* Sources */,
				2F1160D71C731CAB0039C416 /* Frameworks */,
				2F1160D81C731CAB0039C416 /* Resources */,
			);
			buildRules = (
			);
			dependencies = (
			);
			name = "lab-4";
			productName = "lab-4";
			productReference = 2F1160DA1C731CAC0039C416 /* lab-4.app */;
			productType = "com.apple.product-type.application";
		};
/* End PBXNativeTarget section */

/* Begin PBXProject section */
		2F1160D21C731CAB0039C416 /* Project object */ = {
			isa = PBXProject;
			attributes = {
				LastSwiftUpdateCheck = 0720;
				LastUpgradeCheck = 0720;
				ORGANIZATIONNAME = "Tyler Brockett";
				TargetAttributes = {
					2F1160D91C731CAB0039C416 = {
						CreatedOnToolsVersion = 7.2.1;
					};
				};
			};
			buildConfigurationList = 2F1160D51C731CAB0039C416 /* Build configuration list for PBXProject "lab-4" */;
			compatibilityVersion = "Xcode 3.2";
			developmentRegion = English;
			hasScannedForEncodings = 0;
			knownRegions = (
				en,
				Base,
			);
			mainGroup = 2F1160D11C731CAB0039C416;
			productRefGroup = 2F1160DB1C731CAC0039C416 /* Products */;
			projectDirPath = "";
			projectRoot = "";
			targets = (
				2F1160D91C731CAB0039C416 /* lab-4 */,
			);
		};
/* End PBXProject section */

/* Begin PBXResourcesBuildPhase section */
		2F1160D81C731CAB0039C416 /* Resources */ = {
			isa = PBXResourcesBuildPhase;
			buildActionMask = 2147483647;
			files = (
				2F1160E81C731CB00039C416 /* LaunchScreen.storyboard in Resources */,
				988E87FA1C73D9F4000294BF /* images.xcassets in Resources */,
				2F1160E51C731CB00039C416 /* Assets.xcassets in Resources */,
				2F1160E31C731CAF0039C416 /* Main.storyboard in Resources */,
			);
			runOnlyForDeploymentPostprocessing = 0;
		};
/* End PBXResourcesBuildPhase section */

/* Begin PBXSourcesBuildPhase section */
		2F1160D61C731CAB0039C416 /* Sources */ = {
			isa = PBXSourcesBuildPhase;
			buildActionMask = 2147483647;
			files = (
				2F1160E01C731CAF0039C416 /* DetailViewController.swift in Sources */,
				2FDD1EE21C73C6C600DE725B /* TableViewController.swift in Sources */,
				2FDD1EE41C73C80D00DE725B /* Location.swift in Sources */,
				988E87F81C73D326000294BF /* Locations.swift in Sources */,
				2F1160DE1C731CAE0039C416 /* AppDelegate.swift in Sources */,
			);
			runOnlyForDeploymentPostprocessing = 0;
		};
/* End PBXSourcesBuildPhase section */

/* Begin PBXVariantGroup section */
		2F1160E11C731CAF0039C416 /* Main.storyboard */ = {
			isa = PBXVariantGroup;
			children = (
				2F1160E21C731CAF0039C416 /* Base */,
			);
			name = Main.storyboard;
			sourceTree = "<group>";
		};
		2F1160E61C731CB00039C416 /* LaunchScreen.storyboard */ = {
			isa = PBXVariantGroup;
			children = (
				2F1160E71C731CB00039C416 /* Base */,
			);
			name = LaunchScreen.storyboard;
			sourceTree = "<group>";
		};
/* End PBXVariantGroup section */

/* Begin XCBuildConfiguration section */
		2F1160EA1C731CB00039C416 /* Debug */ = {
			isa = XCBuildConfiguration;
			buildSettings = {
				ALWAYS_SEARCH_USER_PATHS = NO;
				CLANG_CXX_LANGUAGE_STANDARD = "gnu++0x";
				CLANG_CXX_LIBRARY = "libc++";
				CLANG_ENABLE_MODULES = YES;
				CLANG_ENABLE_OBJC_ARC = YES;
				CLANG_WARN_BOOL_CONVERSION = YES;
				CLANG_WARN_CONSTANT_CONVERSION = YES;
				CLANG_WARN_DIRECT_OBJC_ISA_USAGE = YES_ERROR;
				CLANG_WARN_EMPTY_BODY = YES;
				CLANG_WARN_ENUM_CONVERSION = YES;
				CLANG_WARN_INT_CONVERSION = YES;
				CLANG_WARN_OBJC_ROOT_CLASS = YES_ERROR;
				CLANG_WARN_UNREACHABLE_CODE = YES;
				CLANG_WARN__DUPLICATE_METHOD_MATCH = YES;
				"CODE_SIGN_IDENTITY[sdk=iphoneos*]" = "iPhone Developer";
				COPY_PHASE_STRIP = NO;
				DEBUG_INFORMATION_FORMAT = dwarf;
				ENABLE_STRICT_OBJC_MSGSEND = YES;
				ENABLE_TESTABILITY = YES;
				GCC_C_LANGUAGE_STANDARD = gnu99;
				GCC_DYNAMIC_NO_PIC = NO;
				GCC_NO_COMMON_BLOCKS = YES;
				GCC_OPTIMIZATION_LEVEL = 0;
				GCC_PREPROCESSOR_DEFINITIONS = (
					"DEBUG=1",
					"$(inherited)",
				);
				GCC_WARN_64_TO_32_BIT_CONVERSION = YES;
				GCC_WARN_ABOUT_RETURN_TYPE = YES_ERROR;
				GCC_WARN_UNDECLARED_SELECTOR = YES;
				GCC_WARN_UNINITIALIZED_AUTOS = YES_AGGRESSIVE;
				GCC_WARN_UNUSED_FUNCTION = YES;
				GCC_WARN_UNUSED_VARIABLE = YES;
				IPHONEOS_DEPLOYMENT_TARGET = 9.2;
				MTL_ENABLE_DEBUG_INFO = YES;
				ONLY_ACTIVE_ARCH = YES;
				SDKROOT = iphoneos;
				SWIFT_OPTIMIZATION_LEVEL = "-Onone";
				TARGETED_DEVICE_FAMILY = "1,2";
			};
			name = Debug;
		};
		2F1160EB1C731CB00039C416 /* Release */ = {
			isa = XCBuildConfiguration;
			buildSettings = {
				ALWAYS_SEARCH_USER_PATHS = NO;
				CLANG_CXX_LANGUAGE_STANDARD = "gnu++0x";
				CLANG_CXX_LIBRARY = "libc++";
				CLANG_ENABLE_MODULES = YES;
				CLANG_ENABLE_OBJC_ARC = YES;
				CLANG_WARN_BOOL_CONVERSION = YES;
				CLANG_WARN_CONSTANT_CONVERSION = YES;
				CLANG_WARN_DIRECT_OBJC_ISA_USAGE = YES_ERROR;
				CLANG_WARN_EMPTY_BODY = YES;
				CLANG_WARN_ENUM_CONVERSION = YES;
				CLANG_WARN_INT_CONVERSION = YES;
				CLANG_WARN_OBJC_ROOT_CLASS = YES_ERROR;
				CLANG_WARN_UNREACHABLE_CODE = YES;
				CLANG_WARN__DUPLICATE_METHOD_MATCH = YES;
				"CODE_SIGN_IDENTITY[sdk=iphoneos*]" = "iPhone Developer";
				COPY_PHASE_STRIP = NO;
				DEBUG_INFORMATION_FORMAT = "dwarf-with-dsym";
				ENABLE_NS_ASSERTIONS = NO;
				ENABLE_STRICT_OBJC_MSGSEND = YES;
				GCC_C_LANGUAGE_STANDARD = gnu99;
				GCC_NO_COMMON_BLOCKS = YES;
				GCC_WARN_64_TO_32_BIT_CONVERSION = YES;
				GCC_WARN_ABOUT_RETURN_TYPE = YES_ERROR;
				GCC_WARN_UNDECLARED_SELECTOR = YES;
				GCC_WARN_UNINITIALIZED_AUTOS = YES_AGGRESSIVE;
				GCC_WARN_UNUSED_FUNCTION = YES;
				GCC_WARN_UNUSED_VARIABLE = YES;
				IPHONEOS_DEPLOYMENT_TARGET = 9.2;
				MTL_ENABLE_DEBUG_INFO = NO;
				SDKROOT = iphoneos;
				TARGETED_DEVICE_FAMILY = "1,2";
				VALIDATE_PRODUCT = YES;
			};
			name = Release;
		};
		2F1160ED1C731CB00039C416 /* Debug */ = {
			isa = XCBuildConfiguration;
			buildSettings = {
				ASSETCATALOG_COMPILER_APPICON_NAME = AppIcon;
				INFOPLIST_FILE = "lab-4/Info.plist";
				IPHONEOS_DEPLOYMENT_TARGET = 9.1;
				LD_RUNPATH_SEARCH_PATHS = "$(inherited) @executable_path/Frameworks";
				PRODUCT_BUNDLE_IDENTIFIER = "edu.asu.bscs.tkbrocke.lab-4";
				PRODUCT_NAME = "$(TARGET_NAME)";
			};
			name = Debug;
		};
		2F1160EE1C731CB00039C416 /* Release */ = {
			isa = XCBuildConfiguration;
			buildSettings = {
				ASSETCATALOG_COMPILER_APPICON_NAME = AppIcon;
				INFOPLIST_FILE = "lab-4/Info.plist";
				IPHONEOS_DEPLOYMENT_TARGET = 9.1;
				LD_RUNPATH_SEARCH_PATHS = "$(inherited) @executable_path/Frameworks";
				PRODUCT_BUNDLE_IDENTIFIER = "edu.asu.bscs.tkbrocke.lab-4";
				PRODUCT_NAME = "$(TARGET_NAME)";
			};
			name = Release;
		};
/* End XCBuildConfiguration section */

/* Begin XCConfigurationList section */
		2F1160D51C731CAB0039C416 /* Build configuration list for PBXProject "lab-4" */ = {
			isa = XCConfigurationList;
			buildConfigurations = (
				2F1160EA1C731CB00039C416 /* Debug */,
				2F1160EB1C731CB00039C416 /* Release */,
			);
			defaultConfigurationIsVisible = 0;
			defaultConfigurationName = Release;
		};
		2F1160EC1C731CB00039C416 /* Build configuration list for PBXNativeTarget "lab-4" */ = {
			isa = XCConfigurationList;
			buildConfigurations = (
				2F1160ED1C731CB00039C416 /* Debug */,
				2F1160EE1C731CB00039C416 /* Release */,
			);
			defaultConfigurationIsVisible = 0;
			defaultConfigurationName = Release;
		};
/* End XCConfigurationList section */
	};
	rootObject = 2F1160D21C731CAB0039C416 /* Project object */;
}
