// !$*UTF8*$!
{
	archiveVersion = 1;
	classes = {
	};
	objectVersion = 46;
	objects = {

/* Begin PBXBuildFile section */
		2F29EEB61CB6007900442821 /* NewLogEntryViewController.swift in Sources */ = {isa = PBXBuildFile; fileRef = 2F29EEB51CB6007900442821 /* NewLogEntryViewController.swift */; };
		2F29EEB81CB600BB00442821 /* SearchResultViewController.swift in Sources */ = {isa = PBXBuildFile; fileRef = 2F29EEB71CB600BB00442821 /* SearchResultViewController.swift */; };
		2F29EEBA1CB600F700442821 /* NearbyFoodViewController.swift in Sources */ = {isa = PBXBuildFile; fileRef = 2F29EEB91CB600F700442821 /* NearbyFoodViewController.swift */; };
		2F29EEBC1CB6010F00442821 /* NearbyFoodEntryViewController.swift in Sources */ = {isa = PBXBuildFile; fileRef = 2F29EEBB1CB6010F00442821 /* NearbyFoodEntryViewController.swift */; };
		2F29EEBE1CB6012B00442821 /* LogViewController.swift in Sources */ = {isa = PBXBuildFile; fileRef = 2F29EEBD1CB6012B00442821 /* LogViewController.swift */; };
		2F29EEC01CB6014000442821 /* LogEntryViewController.swift in Sources */ = {isa = PBXBuildFile; fileRef = 2F29EEBF1CB6014000442821 /* LogEntryViewController.swift */; };
		2F29EEC21CB6038200442821 /* NearbyFoodTableCell.swift in Sources */ = {isa = PBXBuildFile; fileRef = 2F29EEC11CB6038200442821 /* NearbyFoodTableCell.swift */; };
		2F29EEC41CB6043D00442821 /* LogTableCell.swift in Sources */ = {isa = PBXBuildFile; fileRef = 2F29EEC31CB6043D00442821 /* LogTableCell.swift */; };
		2F29EEC61CB61CA500442821 /* NetworkAsyncTask.swift in Sources */ = {isa = PBXBuildFile; fileRef = 2F29EEC51CB61CA500442821 /* NetworkAsyncTask.swift */; };
		2F29EEC91CB6474000442821 /* WeatherForecast.swift in Sources */ = {isa = PBXBuildFile; fileRef = 2F29EEC81CB6474000442821 /* WeatherForecast.swift */; };
		2F29EED51CB6630000442821 /* Geocache.swift in Sources */ = {isa = PBXBuildFile; fileRef = 2F29EED31CB6630000442821 /* Geocache.swift */; };
		2F29EEDB1CB666A700442821 /* NewGeocacheViewController.swift in Sources */ = {isa = PBXBuildFile; fileRef = 2F29EED81CB666A700442821 /* NewGeocacheViewController.swift */; };
		2F29EEDD1CB6F43300442821 /* Restaurant.swift in Sources */ = {isa = PBXBuildFile; fileRef = 2F29EEDC1CB6F43300442821 /* Restaurant.swift */; };
		2F29EEE51CB7302600442821 /* Log.swift in Sources */ = {isa = PBXBuildFile; fileRef = 2F29EEE31CB7302600442821 /* Log.swift */; };
		2F317B5D1CA729700092DB9A /* SearchViewController.swift in Sources */ = {isa = PBXBuildFile; fileRef = 2F317B5C1CA729700092DB9A /* SearchViewController.swift */; };
		2F54092C1CC04BF3000EC9FD /* Log+CoreDataProperties.swift in Sources */ = {isa = PBXBuildFile; fileRef = 2F54092A1CC04BF3000EC9FD /* Log+CoreDataProperties.swift */; };
		2F5409301CC04F00000EC9FD /* Geocache+CoreDataProperties.swift in Sources */ = {isa = PBXBuildFile; fileRef = 2F54092F1CC04F00000EC9FD /* Geocache+CoreDataProperties.swift */; };
		A7FE0C341C8F3C7600BA96BE /* AppDelegate.swift in Sources */ = {isa = PBXBuildFile; fileRef = A7FE0C331C8F3C7600BA96BE /* AppDelegate.swift */; };
		A7FE0C361C8F3C7600BA96BE /* HomeViewController.swift in Sources */ = {isa = PBXBuildFile; fileRef = A7FE0C351C8F3C7600BA96BE /* HomeViewController.swift */; };
		A7FE0C391C8F3C7600BA96BE /* Main.storyboard in Resources */ = {isa = PBXBuildFile; fileRef = A7FE0C371C8F3C7600BA96BE /* Main.storyboard */; };
		A7FE0C3C1C8F3C7600BA96BE /* Appa.xcdatamodeld in Sources */ = {isa = PBXBuildFile; fileRef = A7FE0C3A1C8F3C7600BA96BE /* Appa.xcdatamodeld */; };
		A7FE0C3E1C8F3C7600BA96BE /* Assets.xcassets in Resources */ = {isa = PBXBuildFile; fileRef = A7FE0C3D1C8F3C7600BA96BE /* Assets.xcassets */; };
		A7FE0C411C8F3C7600BA96BE /* LaunchScreen.storyboard in Resources */ = {isa = PBXBuildFile; fileRef = A7FE0C3F1C8F3C7600BA96BE /* LaunchScreen.storyboard */; };
		E6A632A11CBDACE1008F07F3 /* SearchTableViewController.swift in Sources */ = {isa = PBXBuildFile; fileRef = E6A632A01CBDACE1008F07F3 /* SearchTableViewController.swift */; };
		E6A632A31CBDFED3008F07F3 /* SearchTableCell.swift in Sources */ = {isa = PBXBuildFile; fileRef = E6A632A21CBDFED3008F07F3 /* SearchTableCell.swift */; };
/* End PBXBuildFile section */

/* Begin PBXFileReference section */
		2F29EEB51CB6007900442821 /* NewLogEntryViewController.swift */ = {isa = PBXFileReference; fileEncoding = 4; lastKnownFileType = sourcecode.swift; path = NewLogEntryViewController.swift; sourceTree = "<group>"; };
		2F29EEB71CB600BB00442821 /* SearchResultViewController.swift */ = {isa = PBXFileReference; fileEncoding = 4; lastKnownFileType = sourcecode.swift; path = SearchResultViewController.swift; sourceTree = "<group>"; };
		2F29EEB91CB600F700442821 /* NearbyFoodViewController.swift */ = {isa = PBXFileReference; fileEncoding = 4; lastKnownFileType = sourcecode.swift; path = NearbyFoodViewController.swift; sourceTree = "<group>"; };
		2F29EEBB1CB6010F00442821 /* NearbyFoodEntryViewController.swift */ = {isa = PBXFileReference; fileEncoding = 4; lastKnownFileType = sourcecode.swift; path = NearbyFoodEntryViewController.swift; sourceTree = "<group>"; };
		2F29EEBD1CB6012B00442821 /* LogViewController.swift */ = {isa = PBXFileReference; fileEncoding = 4; lastKnownFileType = sourcecode.swift; path = LogViewController.swift; sourceTree = "<group>"; };
		2F29EEBF1CB6014000442821 /* LogEntryViewController.swift */ = {isa = PBXFileReference; fileEncoding = 4; lastKnownFileType = sourcecode.swift; path = LogEntryViewController.swift; sourceTree = "<group>"; };
		2F29EEC11CB6038200442821 /* NearbyFoodTableCell.swift */ = {isa = PBXFileReference; fileEncoding = 4; lastKnownFileType = sourcecode.swift; path = NearbyFoodTableCell.swift; sourceTree = "<group>"; };
		2F29EEC31CB6043D00442821 /* LogTableCell.swift */ = {isa = PBXFileReference; fileEncoding = 4; lastKnownFileType = sourcecode.swift; path = LogTableCell.swift; sourceTree = "<group>"; };
		2F29EEC51CB61CA500442821 /* NetworkAsyncTask.swift */ = {isa = PBXFileReference; fileEncoding = 4; lastKnownFileType = sourcecode.swift; path = NetworkAsyncTask.swift; sourceTree = "<group>"; };
		2F29EEC81CB6474000442821 /* WeatherForecast.swift */ = {isa = PBXFileReference; fileEncoding = 4; lastKnownFileType = sourcecode.swift; path = WeatherForecast.swift; sourceTree = "<group>"; };
		2F29EED31CB6630000442821 /* Geocache.swift */ = {isa = PBXFileReference; fileEncoding = 4; lastKnownFileType = sourcecode.swift; path = Geocache.swift; sourceTree = "<group>"; };
		2F29EED81CB666A700442821 /* NewGeocacheViewController.swift */ = {isa = PBXFileReference; fileEncoding = 4; lastKnownFileType = sourcecode.swift; path = NewGeocacheViewController.swift; sourceTree = "<group>"; };
		2F29EEDC1CB6F43300442821 /* Restaurant.swift */ = {isa = PBXFileReference; fileEncoding = 4; lastKnownFileType = sourcecode.swift; path = Restaurant.swift; sourceTree = "<group>"; };
		2F29EEE31CB7302600442821 /* Log.swift */ = {isa = PBXFileReference; fileEncoding = 4; lastKnownFileType = sourcecode.swift; path = Log.swift; sourceTree = "<group>"; };
		2F317B5C1CA729700092DB9A /* SearchViewController.swift */ = {isa = PBXFileReference; fileEncoding = 4; lastKnownFileType = sourcecode.swift; path = SearchViewController.swift; sourceTree = "<group>"; };
		2F54092A1CC04BF3000EC9FD /* Log+CoreDataProperties.swift */ = {isa = PBXFileReference; fileEncoding = 4; lastKnownFileType = sourcecode.swift; path = "Log+CoreDataProperties.swift"; sourceTree = "<group>"; };
		2F54092F1CC04F00000EC9FD /* Geocache+CoreDataProperties.swift */ = {isa = PBXFileReference; fileEncoding = 4; lastKnownFileType = sourcecode.swift; path = "Geocache+CoreDataProperties.swift"; sourceTree = "<group>"; };
		A7FE0C301C8F3C7600BA96BE /* Appa.app */ = {isa = PBXFileReference; explicitFileType = wrapper.application; includeInIndex = 0; name = Appa.app; path = "/Volumes/HDD/394/394/final-project/build/Debug-iphoneos/Appa.app"; sourceTree = "<absolute>"; };
		A7FE0C331C8F3C7600BA96BE /* AppDelegate.swift */ = {isa = PBXFileReference; lastKnownFileType = sourcecode.swift; path = AppDelegate.swift; sourceTree = "<group>"; };
		A7FE0C351C8F3C7600BA96BE /* HomeViewController.swift */ = {isa = PBXFileReference; lastKnownFileType = sourcecode.swift; path = HomeViewController.swift; sourceTree = "<group>"; };
		A7FE0C381C8F3C7600BA96BE /* Base */ = {isa = PBXFileReference; lastKnownFileType = file.storyboard; name = Base; path = Base.lproj/Main.storyboard; sourceTree = "<group>"; };
		A7FE0C3B1C8F3C7600BA96BE /* Appa.xcdatamodel */ = {isa = PBXFileReference; lastKnownFileType = wrapper.xcdatamodel; path = Appa.xcdatamodel; sourceTree = "<group>"; };
		A7FE0C3D1C8F3C7600BA96BE /* Assets.xcassets */ = {isa = PBXFileReference; lastKnownFileType = folder.assetcatalog; path = Assets.xcassets; sourceTree = "<group>"; };
		A7FE0C401C8F3C7600BA96BE /* Base */ = {isa = PBXFileReference; lastKnownFileType = file.storyboard; name = Base; path = Base.lproj/LaunchScreen.storyboard; sourceTree = "<group>"; };
		A7FE0C421C8F3C7600BA96BE /* Info.plist */ = {isa = PBXFileReference; lastKnownFileType = text.plist.xml; path = Info.plist; sourceTree = "<group>"; };
		E6A632A01CBDACE1008F07F3 /* SearchTableViewController.swift */ = {isa = PBXFileReference; fileEncoding = 4; lastKnownFileType = sourcecode.swift; path = SearchTableViewController.swift; sourceTree = "<group>"; };
		E6A632A21CBDFED3008F07F3 /* SearchTableCell.swift */ = {isa = PBXFileReference; fileEncoding = 4; lastKnownFileType = sourcecode.swift; path = SearchTableCell.swift; sourceTree = "<group>"; };
/* End PBXFileReference section */

/* Begin PBXFrameworksBuildPhase section */
		A7FE0C2D1C8F3C7600BA96BE /* Frameworks */ = {
			isa = PBXFrameworksBuildPhase;
			buildActionMask = 2147483647;
			files = (
			);
			runOnlyForDeploymentPostprocessing = 0;
		};
/* End PBXFrameworksBuildPhase section */

/* Begin PBXGroup section */
		2F29EEB21CB5FF3500442821 /* Geocache Entity */ = {
			isa = PBXGroup;
			children = (
				2F29EED31CB6630000442821 /* Geocache.swift */,
				2F54092F1CC04F00000EC9FD /* Geocache+CoreDataProperties.swift */,
			);
			name = "Geocache Entity";
			sourceTree = "<group>";
		};
		2F29EEB31CB5FF4100442821 /* Log Entity */ = {
			isa = PBXGroup;
			children = (
				2F29EEE31CB7302600442821 /* Log.swift */,
				2F54092A1CC04BF3000EC9FD /* Log+CoreDataProperties.swift */,
			);
			name = "Log Entity";
			sourceTree = "<group>";
		};
		2F29EEB41CB5FF4700442821 /* Core Data */ = {
			isa = PBXGroup;
			children = (
				2F29EEB21CB5FF3500442821 /* Geocache Entity */,
				2F29EEB31CB5FF4100442821 /* Log Entity */,
			);
			name = "Core Data";
			sourceTree = "<group>";
		};
		2F29EEC71CB61CB000442821 /* CustomTableViewCells */ = {
			isa = PBXGroup;
			children = (
				2F29EEC11CB6038200442821 /* NearbyFoodTableCell.swift */,
				2F29EEC31CB6043D00442821 /* LogTableCell.swift */,
				E6A632A21CBDFED3008F07F3 /* SearchTableCell.swift */,
			);
			name = CustomTableViewCells;
			sourceTree = "<group>";
		};
		A7FE0C271C8F3C7600BA96BE = {
			isa = PBXGroup;
			children = (
				A7FE0C321C8F3C7600BA96BE /* Appa */,
			);
			sourceTree = "<group>";
		};
		A7FE0C321C8F3C7600BA96BE /* Appa */ = {
			isa = PBXGroup;
			children = (
				A7FE0C371C8F3C7600BA96BE /* Main.storyboard */,
				A7FE0C351C8F3C7600BA96BE /* HomeViewController.swift */,
				2F29EED81CB666A700442821 /* NewGeocacheViewController.swift */,
				2F317B5C1CA729700092DB9A /* SearchViewController.swift */,
				E6A632A01CBDACE1008F07F3 /* SearchTableViewController.swift */,
				2F29EEB71CB600BB00442821 /* SearchResultViewController.swift */,
				2F29EEB51CB6007900442821 /* NewLogEntryViewController.swift */,
				2F29EEB91CB600F700442821 /* NearbyFoodViewController.swift */,
				2F29EEBB1CB6010F00442821 /* NearbyFoodEntryViewController.swift */,
				2F29EEBD1CB6012B00442821 /* LogViewController.swift */,
				2F29EEBF1CB6014000442821 /* LogEntryViewController.swift */,
				A7FE0C3A1C8F3C7600BA96BE /* Appa.xcdatamodeld */,
				2F29EEC51CB61CA500442821 /* NetworkAsyncTask.swift */,
				2F29EEC71CB61CB000442821 /* CustomTableViewCells */,
				2F29EEB41CB5FF4700442821 /* Core Data */,
				2F29EEC81CB6474000442821 /* WeatherForecast.swift */,
				2F29EEDC1CB6F43300442821 /* Restaurant.swift */,
				A7FE0C3D1C8F3C7600BA96BE /* Assets.xcassets */,
				A7FE0C3F1C8F3C7600BA96BE /* LaunchScreen.storyboard */,
				A7FE0C331C8F3C7600BA96BE /* AppDelegate.swift */,
				A7FE0C421C8F3C7600BA96BE /* Info.plist */,
			);
			path = Appa;
			sourceTree = "<group>";
		};
/* End PBXGroup section */

/* Begin PBXNativeTarget section */
		A7FE0C2F1C8F3C7600BA96BE /* Appa */ = {
			isa = PBXNativeTarget;
			buildConfigurationList = A7FE0C451C8F3C7600BA96BE /* Build configuration list for PBXNativeTarget "Appa" */;
			buildPhases = (
				A7FE0C2C1C8F3C7600BA96BE /* Sources */,
				A7FE0C2D1C8F3C7600BA96BE /* Frameworks */,
				A7FE0C2E1C8F3C7600BA96BE /* Resources */,
			);
			buildRules = (
			);
			dependencies = (
			);
			name = Appa;
			productName = Appa;
			productReference = A7FE0C301C8F3C7600BA96BE /* Appa.app */;
			productType = "com.apple.product-type.application";
		};
/* End PBXNativeTarget section */

/* Begin PBXProject section */
		A7FE0C281C8F3C7600BA96BE /* Project object */ = {
			isa = PBXProject;
			attributes = {
				LastSwiftUpdateCheck = 0720;
				LastUpgradeCheck = 0720;
				ORGANIZATIONNAME = ASU;
				TargetAttributes = {
					A7FE0C2F1C8F3C7600BA96BE = {
						CreatedOnToolsVersion = 7.2.1;
					};
				};
			};
			buildConfigurationList = A7FE0C2B1C8F3C7600BA96BE /* Build configuration list for PBXProject "Appa" */;
			compatibilityVersion = "Xcode 3.2";
			developmentRegion = English;
			hasScannedForEncodings = 0;
			knownRegions = (
				en,
				Base,
			);
			mainGroup = A7FE0C271C8F3C7600BA96BE;
			productRefGroup = A7FE0C271C8F3C7600BA96BE;
			projectDirPath = "";
			projectRoot = "";
			targets = (
				A7FE0C2F1C8F3C7600BA96BE /* Appa */,
			);
		};
/* End PBXProject section */

/* Begin PBXResourcesBuildPhase section */
		A7FE0C2E1C8F3C7600BA96BE /* Resources */ = {
			isa = PBXResourcesBuildPhase;
			buildActionMask = 2147483647;
			files = (
				A7FE0C411C8F3C7600BA96BE /* LaunchScreen.storyboard in Resources */,
				A7FE0C3E1C8F3C7600BA96BE /* Assets.xcassets in Resources */,
				A7FE0C391C8F3C7600BA96BE /* Main.storyboard in Resources */,
			);
			runOnlyForDeploymentPostprocessing = 0;
		};
/* End PBXResourcesBuildPhase section */

/* Begin PBXSourcesBuildPhase section */
		A7FE0C2C1C8F3C7600BA96BE /* Sources */ = {
			isa = PBXSourcesBuildPhase;
			buildActionMask = 2147483647;
			files = (
				2F317B5D1CA729700092DB9A /* SearchViewController.swift in Sources */,
				2F29EEB61CB6007900442821 /* NewLogEntryViewController.swift in Sources */,
				A7FE0C361C8F3C7600BA96BE /* HomeViewController.swift in Sources */,
				A7FE0C3C1C8F3C7600BA96BE /* Appa.xcdatamodeld in Sources */,
				2F29EEBE1CB6012B00442821 /* LogViewController.swift in Sources */,
				2F29EEC21CB6038200442821 /* NearbyFoodTableCell.swift in Sources */,
				A7FE0C341C8F3C7600BA96BE /* AppDelegate.swift in Sources */,
				2F29EEE51CB7302600442821 /* Log.swift in Sources */,
				2F29EEC91CB6474000442821 /* WeatherForecast.swift in Sources */,
				2F29EED51CB6630000442821 /* Geocache.swift in Sources */,
				2F29EEC41CB6043D00442821 /* LogTableCell.swift in Sources */,
				2F5409301CC04F00000EC9FD /* Geocache+CoreDataProperties.swift in Sources */,
				2F29EEC01CB6014000442821 /* LogEntryViewController.swift in Sources */,
				2F54092C1CC04BF3000EC9FD /* Log+CoreDataProperties.swift in Sources */,
				2F29EEC61CB61CA500442821 /* NetworkAsyncTask.swift in Sources */,
				2F29EEB81CB600BB00442821 /* SearchResultViewController.swift in Sources */,
				2F29EEBC1CB6010F00442821 /* NearbyFoodEntryViewController.swift in Sources */,
				2F29EEDD1CB6F43300442821 /* Restaurant.swift in Sources */,
				E6A632A11CBDACE1008F07F3 /* SearchTableViewController.swift in Sources */,
				2F29EEDB1CB666A700442821 /* NewGeocacheViewController.swift in Sources */,
				E6A632A31CBDFED3008F07F3 /* SearchTableCell.swift in Sources */,
				2F29EEBA1CB600F700442821 /* NearbyFoodViewController.swift in Sources */,
			);
			runOnlyForDeploymentPostprocessing = 0;
		};
/* End PBXSourcesBuildPhase section */

/* Begin PBXVariantGroup section */
		A7FE0C371C8F3C7600BA96BE /* Main.storyboard */ = {
			isa = PBXVariantGroup;
			children = (
				A7FE0C381C8F3C7600BA96BE /* Base */,
			);
			name = Main.storyboard;
			sourceTree = "<group>";
		};
		A7FE0C3F1C8F3C7600BA96BE /* LaunchScreen.storyboard */ = {
			isa = PBXVariantGroup;
			children = (
				A7FE0C401C8F3C7600BA96BE /* Base */,
			);
			name = LaunchScreen.storyboard;
			sourceTree = "<group>";
		};
/* End PBXVariantGroup section */

/* Begin XCBuildConfiguration section */
		A7FE0C431C8F3C7600BA96BE /* Debug */ = {
			isa = XCBuildConfiguration;
			buildSettings = {
				ALWAYS_SEARCH_USER_PATHS = NO;
				CLANG_CXX_LANGUAGE_STANDARD = "gnu++0x";
				CLANG_CXX_LIBRARY = "libc++";
				CLANG_ENABLE_MODULES = YES;
				CLANG_ENABLE_OBJC_ARC = YES;
				CLANG_WARN_BOOL_CONVERSION = YES;
				CLANG_WARN_CONSTANT_CONVERSION = YES;
				CLANG_WARN_DIRECT_OBJC_ISA_USAGE = YES_ERROR;
				CLANG_WARN_EMPTY_BODY = YES;
				CLANG_WARN_ENUM_CONVERSION = YES;
				CLANG_WARN_INT_CONVERSION = YES;
				CLANG_WARN_OBJC_ROOT_CLASS = YES_ERROR;
				CLANG_WARN_UNREACHABLE_CODE = YES;
				CLANG_WARN__DUPLICATE_METHOD_MATCH = YES;
				"CODE_SIGN_IDENTITY[sdk=iphoneos*]" = "iPhone Developer";
				COPY_PHASE_STRIP = NO;
				DEBUG_INFORMATION_FORMAT = dwarf;
				ENABLE_STRICT_OBJC_MSGSEND = YES;
				ENABLE_TESTABILITY = YES;
				GCC_C_LANGUAGE_STANDARD = gnu99;
				GCC_DYNAMIC_NO_PIC = NO;
				GCC_NO_COMMON_BLOCKS = YES;
				GCC_OPTIMIZATION_LEVEL = 0;
				GCC_PREPROCESSOR_DEFINITIONS = (
					"DEBUG=1",
					"$(inherited)",
				);
				GCC_WARN_64_TO_32_BIT_CONVERSION = YES;
				GCC_WARN_ABOUT_RETURN_TYPE = YES_ERROR;
				GCC_WARN_UNDECLARED_SELECTOR = YES;
				GCC_WARN_UNINITIALIZED_AUTOS = YES_AGGRESSIVE;
				GCC_WARN_UNUSED_FUNCTION = YES;
				GCC_WARN_UNUSED_VARIABLE = YES;
				IPHONEOS_DEPLOYMENT_TARGET = 9.2;
				MTL_ENABLE_DEBUG_INFO = YES;
				ONLY_ACTIVE_ARCH = YES;
				SDKROOT = iphoneos;
				SWIFT_OPTIMIZATION_LEVEL = "-Onone";
			};
			name = Debug;
		};
		A7FE0C441C8F3C7600BA96BE /* Release */ = {
			isa = XCBuildConfiguration;
			buildSettings = {
				ALWAYS_SEARCH_USER_PATHS = NO;
				CLANG_CXX_LANGUAGE_STANDARD = "gnu++0x";
				CLANG_CXX_LIBRARY = "libc++";
				CLANG_ENABLE_MODULES = YES;
				CLANG_ENABLE_OBJC_ARC = YES;
				CLANG_WARN_BOOL_CONVERSION = YES;
				CLANG_WARN_CONSTANT_CONVERSION = YES;
				CLANG_WARN_DIRECT_OBJC_ISA_USAGE = YES_ERROR;
				CLANG_WARN_EMPTY_BODY = YES;
				CLANG_WARN_ENUM_CONVERSION = YES;
				CLANG_WARN_INT_CONVERSION = YES;
				CLANG_WARN_OBJC_ROOT_CLASS = YES_ERROR;
				CLANG_WARN_UNREACHABLE_CODE = YES;
				CLANG_WARN__DUPLICATE_METHOD_MATCH = YES;
				"CODE_SIGN_IDENTITY[sdk=iphoneos*]" = "iPhone Developer";
				COPY_PHASE_STRIP = NO;
				DEBUG_INFORMATION_FORMAT = "dwarf-with-dsym";
				ENABLE_NS_ASSERTIONS = NO;
				ENABLE_STRICT_OBJC_MSGSEND = YES;
				GCC_C_LANGUAGE_STANDARD = gnu99;
				GCC_NO_COMMON_BLOCKS = YES;
				GCC_WARN_64_TO_32_BIT_CONVERSION = YES;
				GCC_WARN_ABOUT_RETURN_TYPE = YES_ERROR;
				GCC_WARN_UNDECLARED_SELECTOR = YES;
				GCC_WARN_UNINITIALIZED_AUTOS = YES_AGGRESSIVE;
				GCC_WARN_UNUSED_FUNCTION = YES;
				GCC_WARN_UNUSED_VARIABLE = YES;
				IPHONEOS_DEPLOYMENT_TARGET = 9.2;
				MTL_ENABLE_DEBUG_INFO = NO;
				SDKROOT = iphoneos;
				VALIDATE_PRODUCT = YES;
			};
			name = Release;
		};
		A7FE0C461C8F3C7600BA96BE /* Debug */ = {
			isa = XCBuildConfiguration;
			buildSettings = {
				ASSETCATALOG_COMPILER_APPICON_NAME = AppIcon;
				INFOPLIST_FILE = Appa/Info.plist;
				LD_RUNPATH_SEARCH_PATHS = "$(inherited) @executable_path/Frameworks";
				PRODUCT_BUNDLE_IDENTIFIER = ShikhaMehta.Appa;
				PRODUCT_NAME = "$(TARGET_NAME)";
			};
			name = Debug;
		};
		A7FE0C471C8F3C7600BA96BE /* Release */ = {
			isa = XCBuildConfiguration;
			buildSettings = {
				ASSETCATALOG_COMPILER_APPICON_NAME = AppIcon;
				INFOPLIST_FILE = Appa/Info.plist;
				LD_RUNPATH_SEARCH_PATHS = "$(inherited) @executable_path/Frameworks";
				PRODUCT_BUNDLE_IDENTIFIER = ShikhaMehta.Appa;
				PRODUCT_NAME = "$(TARGET_NAME)";
			};
			name = Release;
		};
/* End XCBuildConfiguration section */

/* Begin XCConfigurationList section */
		A7FE0C2B1C8F3C7600BA96BE /* Build configuration list for PBXProject "Appa" */ = {
			isa = XCConfigurationList;
			buildConfigurations = (
				A7FE0C431C8F3C7600BA96BE /* Debug */,
				A7FE0C441C8F3C7600BA96BE /* Release */,
			);
			defaultConfigurationIsVisible = 0;
			defaultConfigurationName = Release;
		};
		A7FE0C451C8F3C7600BA96BE /* Build configuration list for PBXNativeTarget "Appa" */ = {
			isa = XCConfigurationList;
			buildConfigurations = (
				A7FE0C461C8F3C7600BA96BE /* Debug */,
				A7FE0C471C8F3C7600BA96BE /* Release */,
			);
			defaultConfigurationIsVisible = 0;
			defaultConfigurationName = Release;
		};
/* End XCConfigurationList section */

/* Begin XCVersionGroup section */
		A7FE0C3A1C8F3C7600BA96BE /* Appa.xcdatamodeld */ = {
			isa = XCVersionGroup;
			children = (
				A7FE0C3B1C8F3C7600BA96BE /* Appa.xcdatamodel */,
			);
			currentVersion = A7FE0C3B1C8F3C7600BA96BE /* Appa.xcdatamodel */;
			path = Appa.xcdatamodeld;
			sourceTree = "<group>";
			versionGroupType = wrapper.xcdatamodel;
		};
/* End XCVersionGroup section */
	};
	rootObject = A7FE0C281C8F3C7600BA96BE /* Project object */;
}
