// !$*UTF8*$!
{
	archiveVersion = 1;
	classes = {
	};
	objectVersion = 46;
	objects = {

/* Begin PBXBuildFile section */
		2F9DEF881C61A8C200B2F00D /* SecondViewController.swift in Sources */ = {isa = PBXBuildFile; fileRef = 2F9DEF871C61A8C200B2F00D /* SecondViewController.swift */; };
		2F9DEF8A1C61A8D500B2F00D /* ThirdViewController.swift in Sources */ = {isa = PBXBuildFile; fileRef = 2F9DEF891C61A8D500B2F00D /* ThirdViewController.swift */; };
		98F6A8A81C615FA5007BAB6E /* AppDelegate.swift in Sources */ = {isa = PBXBuildFile; fileRef = 98F6A8A71C615FA5007BAB6E /* AppDelegate.swift */; };
		98F6A8AA1C615FA5007BAB6E /* FirstViewController.swift in Sources */ = {isa = PBXBuildFile; fileRef = 98F6A8A91C615FA5007BAB6E /* FirstViewController.swift */; };
		98F6A8AD1C615FA5007BAB6E /* Main.storyboard in Resources */ = {isa = PBXBuildFile; fileRef = 98F6A8AB1C615FA5007BAB6E /* Main.storyboard */; };
		98F6A8AF1C615FA6007BAB6E /* Assets.xcassets in Resources */ = {isa = PBXBuildFile; fileRef = 98F6A8AE1C615FA6007BAB6E /* Assets.xcassets */; };
		98F6A8B21C615FA6007BAB6E /* LaunchScreen.storyboard in Resources */ = {isa = PBXBuildFile; fileRef = 98F6A8B01C615FA6007BAB6E /* LaunchScreen.storyboard */; };
/* End PBXBuildFile section */

/* Begin PBXFileReference section */
		2F9DEF871C61A8C200B2F00D /* SecondViewController.swift */ = {isa = PBXFileReference; fileEncoding = 4; lastKnownFileType = sourcecode.swift; path = SecondViewController.swift; sourceTree = "<group>"; };
		2F9DEF891C61A8D500B2F00D /* ThirdViewController.swift */ = {isa = PBXFileReference; fileEncoding = 4; lastKnownFileType = sourcecode.swift; path = ThirdViewController.swift; sourceTree = "<group>"; };
		98F6A8A41C615FA5007BAB6E /* lab-2.app */ = {isa = PBXFileReference; explicitFileType = wrapper.application; includeInIndex = 0; name = "lab-2.app"; path = "/Volumes/HDD/394/394/lab-2/lab-2/build/Debug-iphoneos/lab-2.app"; sourceTree = "<absolute>"; };
		98F6A8A71C615FA5007BAB6E /* AppDelegate.swift */ = {isa = PBXFileReference; lastKnownFileType = sourcecode.swift; path = AppDelegate.swift; sourceTree = "<group>"; };
		98F6A8A91C615FA5007BAB6E /* FirstViewController.swift */ = {isa = PBXFileReference; lastKnownFileType = sourcecode.swift; path = FirstViewController.swift; sourceTree = "<group>"; };
		98F6A8AC1C615FA5007BAB6E /* Base */ = {isa = PBXFileReference; lastKnownFileType = file.storyboard; name = Base; path = Base.lproj/Main.storyboard; sourceTree = "<group>"; };
		98F6A8AE1C615FA6007BAB6E /* Assets.xcassets */ = {isa = PBXFileReference; lastKnownFileType = folder.assetcatalog; path = Assets.xcassets; sourceTree = "<group>"; };
		98F6A8B11C615FA6007BAB6E /* Base */ = {isa = PBXFileReference; lastKnownFileType = file.storyboard; name = Base; path = Base.lproj/LaunchScreen.storyboard; sourceTree = "<group>"; };
		98F6A8B31C615FA6007BAB6E /* Info.plist */ = {isa = PBXFileReference; lastKnownFileType = text.plist.xml; path = Info.plist; sourceTree = "<group>"; };
/* End PBXFileReference section */

/* Begin PBXFrameworksBuildPhase section */
		98F6A8A11C615FA5007BAB6E /* Frameworks */ = {
			isa = PBXFrameworksBuildPhase;
			buildActionMask = 2147483647;
			files = (
			);
			runOnlyForDeploymentPostprocessing = 0;
		};
/* End PBXFrameworksBuildPhase section */

/* Begin PBXGroup section */
		98F6A89B1C615FA5007BAB6E = {
			isa = PBXGroup;
			children = (
				98F6A8A61C615FA5007BAB6E /* lab-2 */,
			);
			sourceTree = "<group>";
		};
		98F6A8A61C615FA5007BAB6E /* lab-2 */ = {
			isa = PBXGroup;
			children = (
				98F6A8A71C615FA5007BAB6E /* AppDelegate.swift */,
				98F6A8A91C615FA5007BAB6E /* FirstViewController.swift */,
				2F9DEF871C61A8C200B2F00D /* SecondViewController.swift */,
				2F9DEF891C61A8D500B2F00D /* ThirdViewController.swift */,
				98F6A8AB1C615FA5007BAB6E /* Main.storyboard */,
				98F6A8AE1C615FA6007BAB6E /* Assets.xcassets */,
				98F6A8B01C615FA6007BAB6E /* LaunchScreen.storyboard */,
				98F6A8B31C615FA6007BAB6E /* Info.plist */,
			);
			path = "lab-2";
			sourceTree = "<group>";
		};
/* End PBXGroup section */

/* Begin PBXNativeTarget section */
		98F6A8A31C615FA5007BAB6E /* lab-2 */ = {
			isa = PBXNativeTarget;
			buildConfigurationList = 98F6A8B61C615FA6007BAB6E /* Build configuration list for PBXNativeTarget "lab-2" */;
			buildPhases = (
				98F6A8A01C615FA5007BAB6E /* Sources */,
				98F6A8A11C615FA5007BAB6E /* Frameworks */,
				98F6A8A21C615FA5007BAB6E /* Resources */,
			);
			buildRules = (
			);
			dependencies = (
			);
			name = "lab-2";
			productName = "lab-2";
			productReference = 98F6A8A41C615FA5007BAB6E /* lab-2.app */;
			productType = "com.apple.product-type.application";
		};
/* End PBXNativeTarget section */

/* Begin PBXProject section */
		98F6A89C1C615FA5007BAB6E /* Project object */ = {
			isa = PBXProject;
			attributes = {
				LastSwiftUpdateCheck = 0710;
				LastUpgradeCheck = 0710;
				ORGANIZATIONNAME = edu.asu.bscs.tkbrocke;
				TargetAttributes = {
					98F6A8A31C615FA5007BAB6E = {
						CreatedOnToolsVersion = 7.1.1;
					};
				};
			};
			buildConfigurationList = 98F6A89F1C615FA5007BAB6E /* Build configuration list for PBXProject "lab-2" */;
			compatibilityVersion = "Xcode 3.2";
			developmentRegion = English;
			hasScannedForEncodings = 0;
			knownRegions = (
				en,
				Base,
			);
			mainGroup = 98F6A89B1C615FA5007BAB6E;
			productRefGroup = 98F6A89B1C615FA5007BAB6E;
			projectDirPath = "";
			projectRoot = "";
			targets = (
				98F6A8A31C615FA5007BAB6E /* lab-2 */,
			);
		};
/* End PBXProject section */

/* Begin PBXResourcesBuildPhase section */
		98F6A8A21C615FA5007BAB6E /* Resources */ = {
			isa = PBXResourcesBuildPhase;
			buildActionMask = 2147483647;
			files = (
				98F6A8B21C615FA6007BAB6E /* LaunchScreen.storyboard in Resources */,
				98F6A8AF1C615FA6007BAB6E /* Assets.xcassets in Resources */,
				98F6A8AD1C615FA5007BAB6E /* Main.storyboard in Resources */,
			);
			runOnlyForDeploymentPostprocessing = 0;
		};
/* End PBXResourcesBuildPhase section */

/* Begin PBXSourcesBuildPhase section */
		98F6A8A01C615FA5007BAB6E /* Sources */ = {
			isa = PBXSourcesBuildPhase;
			buildActionMask = 2147483647;
			files = (
				2F9DEF881C61A8C200B2F00D /* SecondViewController.swift in Sources */,
				98F6A8AA1C615FA5007BAB6E /* FirstViewController.swift in Sources */,
				2F9DEF8A1C61A8D500B2F00D /* ThirdViewController.swift in Sources */,
				98F6A8A81C615FA5007BAB6E /* AppDelegate.swift in Sources */,
			);
			runOnlyForDeploymentPostprocessing = 0;
		};
/* End PBXSourcesBuildPhase section */

/* Begin PBXVariantGroup section */
		98F6A8AB1C615FA5007BAB6E /* Main.storyboard */ = {
			isa = PBXVariantGroup;
			children = (
				98F6A8AC1C615FA5007BAB6E /* Base */,
			);
			name = Main.storyboard;
			sourceTree = "<group>";
		};
		98F6A8B01C615FA6007BAB6E /* LaunchScreen.storyboard */ = {
			isa = PBXVariantGroup;
			children = (
				98F6A8B11C615FA6007BAB6E /* Base */,
			);
			name = LaunchScreen.storyboard;
			sourceTree = "<group>";
		};
/* End PBXVariantGroup section */

/* Begin XCBuildConfiguration section */
		98F6A8B41C615FA6007BAB6E /* Debug */ = {
			isa = XCBuildConfiguration;
			buildSettings = {
				ALWAYS_SEARCH_USER_PATHS = NO;
				CLANG_CXX_LANGUAGE_STANDARD = "gnu++0x";
				CLANG_CXX_LIBRARY = "libc++";
				CLANG_ENABLE_MODULES = YES;
				CLANG_ENABLE_OBJC_ARC = YES;
				CLANG_WARN_BOOL_CONVERSION = YES;
				CLANG_WARN_CONSTANT_CONVERSION = YES;
				CLANG_WARN_DIRECT_OBJC_ISA_USAGE = YES_ERROR;
				CLANG_WARN_EMPTY_BODY = YES;
				CLANG_WARN_ENUM_CONVERSION = YES;
				CLANG_WARN_INT_CONVERSION = YES;
				CLANG_WARN_OBJC_ROOT_CLASS = YES_ERROR;
				CLANG_WARN_UNREACHABLE_CODE = YES;
				CLANG_WARN__DUPLICATE_METHOD_MATCH = YES;
				"CODE_SIGN_IDENTITY[sdk=iphoneos*]" = "iPhone Developer";
				COPY_PHASE_STRIP = NO;
				DEBUG_INFORMATION_FORMAT = dwarf;
				ENABLE_STRICT_OBJC_MSGSEND = YES;
				ENABLE_TESTABILITY = YES;
				GCC_C_LANGUAGE_STANDARD = gnu99;
				GCC_DYNAMIC_NO_PIC = NO;
				GCC_NO_COMMON_BLOCKS = YES;
				GCC_OPTIMIZATION_LEVEL = 0;
				GCC_PREPROCESSOR_DEFINITIONS = (
					"DEBUG=1",
					"$(inherited)",
				);
				GCC_WARN_64_TO_32_BIT_CONVERSION = YES;
				GCC_WARN_ABOUT_RETURN_TYPE = YES_ERROR;
				GCC_WARN_UNDECLARED_SELECTOR = YES;
				GCC_WARN_UNINITIALIZED_AUTOS = YES_AGGRESSIVE;
				GCC_WARN_UNUSED_FUNCTION = YES;
				GCC_WARN_UNUSED_VARIABLE = YES;
				IPHONEOS_DEPLOYMENT_TARGET = 9.1;
				MTL_ENABLE_DEBUG_INFO = YES;
				ONLY_ACTIVE_ARCH = YES;
				SDKROOT = iphoneos;
				SWIFT_OPTIMIZATION_LEVEL = "-Onone";
				TARGETED_DEVICE_FAMILY = "1,2";
			};
			name = Debug;
		};
		98F6A8B51C615FA6007BAB6E /* Release */ = {
			isa = XCBuildConfiguration;
			buildSettings = {
				ALWAYS_SEARCH_USER_PATHS = NO;
				CLANG_CXX_LANGUAGE_STANDARD = "gnu++0x";
				CLANG_CXX_LIBRARY = "libc++";
				CLANG_ENABLE_MODULES = YES;
				CLANG_ENABLE_OBJC_ARC = YES;
				CLANG_WARN_BOOL_CONVERSION = YES;
				CLANG_WARN_CONSTANT_CONVERSION = YES;
				CLANG_WARN_DIRECT_OBJC_ISA_USAGE = YES_ERROR;
				CLANG_WARN_EMPTY_BODY = YES;
				CLANG_WARN_ENUM_CONVERSION = YES;
				CLANG_WARN_INT_CONVERSION = YES;
				CLANG_WARN_OBJC_ROOT_CLASS = YES_ERROR;
				CLANG_WARN_UNREACHABLE_CODE = YES;
				CLANG_WARN__DUPLICATE_METHOD_MATCH = YES;
				"CODE_SIGN_IDENTITY[sdk=iphoneos*]" = "iPhone Developer";
				COPY_PHASE_STRIP = NO;
				DEBUG_INFORMATION_FORMAT = "dwarf-with-dsym";
				ENABLE_NS_ASSERTIONS = NO;
				ENABLE_STRICT_OBJC_MSGSEND = YES;
				GCC_C_LANGUAGE_STANDARD = gnu99;
				GCC_NO_COMMON_BLOCKS = YES;
				GCC_WARN_64_TO_32_BIT_CONVERSION = YES;
				GCC_WARN_ABOUT_RETURN_TYPE = YES_ERROR;
				GCC_WARN_UNDECLARED_SELECTOR = YES;
				GCC_WARN_UNINITIALIZED_AUTOS = YES_AGGRESSIVE;
				GCC_WARN_UNUSED_FUNCTION = YES;
				GCC_WARN_UNUSED_VARIABLE = YES;
				IPHONEOS_DEPLOYMENT_TARGET = 9.1;
				MTL_ENABLE_DEBUG_INFO = NO;
				SDKROOT = iphoneos;
				TARGETED_DEVICE_FAMILY = "1,2";
				VALIDATE_PRODUCT = YES;
			};
			name = Release;
		};
		98F6A8B71C615FA6007BAB6E /* Debug */ = {
			isa = XCBuildConfiguration;
			buildSettings = {
				ASSETCATALOG_COMPILER_APPICON_NAME = AppIcon;
				INFOPLIST_FILE = "lab-2/Info.plist";
				LD_RUNPATH_SEARCH_PATHS = "$(inherited) @executable_path/Frameworks";
				PRODUCT_BUNDLE_IDENTIFIER = "edu.asu.bscs.tkbrocke.lab-2";
				PRODUCT_NAME = "$(TARGET_NAME)";
			};
			name = Debug;
		};
		98F6A8B81C615FA6007BAB6E /* Release */ = {
			isa = XCBuildConfiguration;
			buildSettings = {
				ASSETCATALOG_COMPILER_APPICON_NAME = AppIcon;
				INFOPLIST_FILE = "lab-2/Info.plist";
				LD_RUNPATH_SEARCH_PATHS = "$(inherited) @executable_path/Frameworks";
				PRODUCT_BUNDLE_IDENTIFIER = "edu.asu.bscs.tkbrocke.lab-2";
				PRODUCT_NAME = "$(TARGET_NAME)";
			};
			name = Release;
		};
/* End XCBuildConfiguration section */

/* Begin XCConfigurationList section */
		98F6A89F1C615FA5007BAB6E /* Build configuration list for PBXProject "lab-2" */ = {
			isa = XCConfigurationList;
			buildConfigurations = (
				98F6A8B41C615FA6007BAB6E /* Debug */,
				98F6A8B51C615FA6007BAB6E /* Release */,
			);
			defaultConfigurationIsVisible = 0;
			defaultConfigurationName = Release;
		};
		98F6A8B61C615FA6007BAB6E /* Build configuration list for PBXNativeTarget "lab-2" */ = {
			isa = XCConfigurationList;
			buildConfigurations = (
				98F6A8B71C615FA6007BAB6E /* Debug */,
				98F6A8B81C615FA6007BAB6E /* Release */,
			);
			defaultConfigurationIsVisible = 0;
			defaultConfigurationName = Release;
		};
/* End XCConfigurationList section */
	};
	rootObject = 98F6A89C1C615FA5007BAB6E /* Project object */;
}
