// !$*UTF8*$!
{
	archiveVersion = 1;
	classes = {
	};
	objectVersion = 46;
	objects = {

/* Begin PBXBuildFile section */
		2F51A03E1C7EB9100079F824 /* Place+CoreDataProperties.swift in Sources */ = {isa = PBXBuildFile; fileRef = 2F51A03C1C7EB9100079F824 /* Place+CoreDataProperties.swift */; };
		2F51A03F1C7EB9100079F824 /* Place.swift in Sources */ = {isa = PBXBuildFile; fileRef = 2F51A03D1C7EB9100079F824 /* Place.swift */; };
		2F51A0421C7EFA5B0079F824 /* Media.xcassets in Resources */ = {isa = PBXBuildFile; fileRef = 2F51A0411C7EFA5B0079F824 /* Media.xcassets */; };
		2F51A0441C7F04C00079F824 /* CustomCell.swift in Sources */ = {isa = PBXBuildFile; fileRef = 2F51A0431C7F04C00079F824 /* CustomCell.swift */; };
		2F8CCFA41C7E948900152055 /* PlaceTableViewController.swift in Sources */ = {isa = PBXBuildFile; fileRef = 2F8CCFA31C7E948900152055 /* PlaceTableViewController.swift */; };
		2FBD5A601C78055F002F14A5 /* AppDelegate.swift in Sources */ = {isa = PBXBuildFile; fileRef = 2FBD5A5F1C78055F002F14A5 /* AppDelegate.swift */; };
		2FBD5A621C78055F002F14A5 /* DetailViewController.swift in Sources */ = {isa = PBXBuildFile; fileRef = 2FBD5A611C78055F002F14A5 /* DetailViewController.swift */; };
		2FBD5A651C780560002F14A5 /* Main.storyboard in Resources */ = {isa = PBXBuildFile; fileRef = 2FBD5A631C780560002F14A5 /* Main.storyboard */; };
		2FBD5A681C780560002F14A5 /* hw_2.xcdatamodeld in Sources */ = {isa = PBXBuildFile; fileRef = 2FBD5A661C780560002F14A5 /* hw_2.xcdatamodeld */; };
		2FBD5A6A1C780560002F14A5 /* Assets.xcassets in Resources */ = {isa = PBXBuildFile; fileRef = 2FBD5A691C780560002F14A5 /* Assets.xcassets */; };
		2FBD5A6D1C780560002F14A5 /* LaunchScreen.storyboard in Resources */ = {isa = PBXBuildFile; fileRef = 2FBD5A6B1C780560002F14A5 /* LaunchScreen.storyboard */; };
/* End PBXBuildFile section */

/* Begin PBXFileReference section */
		2F51A03C1C7EB9100079F824 /* Place+CoreDataProperties.swift */ = {isa = PBXFileReference; fileEncoding = 4; lastKnownFileType = sourcecode.swift; name = "Place+CoreDataProperties.swift"; path = "hw-2/core-data/Place+CoreDataProperties.swift"; sourceTree = "<group>"; };
		2F51A03D1C7EB9100079F824 /* Place.swift */ = {isa = PBXFileReference; fileEncoding = 4; lastKnownFileType = sourcecode.swift; name = Place.swift; path = "hw-2/core-data/Place.swift"; sourceTree = "<group>"; };
		2F51A0411C7EFA5B0079F824 /* Media.xcassets */ = {isa = PBXFileReference; lastKnownFileType = folder.assetcatalog; path = Media.xcassets; sourceTree = "<group>"; };
		2F51A0431C7F04C00079F824 /* CustomCell.swift */ = {isa = PBXFileReference; fileEncoding = 4; lastKnownFileType = sourcecode.swift; path = CustomCell.swift; sourceTree = "<group>"; };
		2F8CCFA31C7E948900152055 /* PlaceTableViewController.swift */ = {isa = PBXFileReference; fileEncoding = 4; lastKnownFileType = sourcecode.swift; path = PlaceTableViewController.swift; sourceTree = "<group>"; };
		2FBD5A5C1C78055F002F14A5 /* hw-2.app */ = {isa = PBXFileReference; explicitFileType = wrapper.application; includeInIndex = 0; path = "hw-2.app"; sourceTree = BUILT_PRODUCTS_DIR; };
		2FBD5A5F1C78055F002F14A5 /* AppDelegate.swift */ = {isa = PBXFileReference; lastKnownFileType = sourcecode.swift; path = AppDelegate.swift; sourceTree = "<group>"; };
		2FBD5A611C78055F002F14A5 /* DetailViewController.swift */ = {isa = PBXFileReference; lastKnownFileType = sourcecode.swift; path = DetailViewController.swift; sourceTree = "<group>"; };
		2FBD5A641C780560002F14A5 /* Base */ = {isa = PBXFileReference; lastKnownFileType = file.storyboard; name = Base; path = Base.lproj/Main.storyboard; sourceTree = "<group>"; };
		2FBD5A671C780560002F14A5 /* hw_2.xcdatamodel */ = {isa = PBXFileReference; lastKnownFileType = wrapper.xcdatamodel; path = hw_2.xcdatamodel; sourceTree = "<group>"; };
		2FBD5A691C780560002F14A5 /* Assets.xcassets */ = {isa = PBXFileReference; lastKnownFileType = folder.assetcatalog; path = Assets.xcassets; sourceTree = "<group>"; };
		2FBD5A6C1C780560002F14A5 /* Base */ = {isa = PBXFileReference; lastKnownFileType = file.storyboard; name = Base; path = Base.lproj/LaunchScreen.storyboard; sourceTree = "<group>"; };
		2FBD5A6E1C780560002F14A5 /* Info.plist */ = {isa = PBXFileReference; lastKnownFileType = text.plist.xml; path = Info.plist; sourceTree = "<group>"; };
/* End PBXFileReference section */

/* Begin PBXFrameworksBuildPhase section */
		2FBD5A591C78055F002F14A5 /* Frameworks */ = {
			isa = PBXFrameworksBuildPhase;
			buildActionMask = 2147483647;
			files = (
			);
			runOnlyForDeploymentPostprocessing = 0;
		};
/* End PBXFrameworksBuildPhase section */

/* Begin PBXGroup section */
		2F51A0401C7EB9180079F824 /* core-data */ = {
			isa = PBXGroup;
			children = (
				2F51A03C1C7EB9100079F824 /* Place+CoreDataProperties.swift */,
				2F51A03D1C7EB9100079F824 /* Place.swift */,
			);
			name = "core-data";
			path = ..;
			sourceTree = "<group>";
		};
		2FBD5A531C78055F002F14A5 = {
			isa = PBXGroup;
			children = (
				2FBD5A5E1C78055F002F14A5 /* hw-2 */,
				2FBD5A5D1C78055F002F14A5 /* Products */,
			);
			sourceTree = "<group>";
		};
		2FBD5A5D1C78055F002F14A5 /* Products */ = {
			isa = PBXGroup;
			children = (
				2FBD5A5C1C78055F002F14A5 /* hw-2.app */,
			);
			name = Products;
			sourceTree = "<group>";
		};
		2FBD5A5E1C78055F002F14A5 /* hw-2 */ = {
			isa = PBXGroup;
			children = (
				2F51A0401C7EB9180079F824 /* core-data */,
				2FBD5A5F1C78055F002F14A5 /* AppDelegate.swift */,
				2FBD5A611C78055F002F14A5 /* DetailViewController.swift */,
				2FBD5A631C780560002F14A5 /* Main.storyboard */,
				2FBD5A691C780560002F14A5 /* Assets.xcassets */,
				2FBD5A6B1C780560002F14A5 /* LaunchScreen.storyboard */,
				2FBD5A6E1C780560002F14A5 /* Info.plist */,
				2FBD5A661C780560002F14A5 /* hw_2.xcdatamodeld */,
				2F8CCFA31C7E948900152055 /* PlaceTableViewController.swift */,
				2F51A0411C7EFA5B0079F824 /* Media.xcassets */,
				2F51A0431C7F04C00079F824 /* CustomCell.swift */,
			);
			path = "hw-2";
			sourceTree = "<group>";
		};
/* End PBXGroup section */

/* Begin PBXNativeTarget section */
		2FBD5A5B1C78055F002F14A5 /* hw-2 */ = {
			isa = PBXNativeTarget;
			buildConfigurationList = 2FBD5A711C780560002F14A5 /* Build configuration list for PBXNativeTarget "hw-2" */;
			buildPhases = (
				2FBD5A581C78055F002F14A5 /* Sources */,
				2FBD5A591C78055F002F14A5 /* Frameworks */,
				2FBD5A5A1C78055F002F14A5 /* Resources */,
			);
			buildRules = (
			);
			dependencies = (
			);
			name = "hw-2";
			productName = "hw-2";
			productReference = 2FBD5A5C1C78055F002F14A5 /* hw-2.app */;
			productType = "com.apple.product-type.application";
		};
/* End PBXNativeTarget section */

/* Begin PBXProject section */
		2FBD5A541C78055F002F14A5 /* Project object */ = {
			isa = PBXProject;
			attributes = {
				LastSwiftUpdateCheck = 0720;
				LastUpgradeCheck = 0720;
				ORGANIZATIONNAME = "Tyler Brockett";
				TargetAttributes = {
					2FBD5A5B1C78055F002F14A5 = {
						CreatedOnToolsVersion = 7.2.1;
					};
				};
			};
			buildConfigurationList = 2FBD5A571C78055F002F14A5 /* Build configuration list for PBXProject "hw-2" */;
			compatibilityVersion = "Xcode 3.2";
			developmentRegion = English;
			hasScannedForEncodings = 0;
			knownRegions = (
				en,
				Base,
			);
			mainGroup = 2FBD5A531C78055F002F14A5;
			productRefGroup = 2FBD5A5D1C78055F002F14A5 /* Products */;
			projectDirPath = "";
			projectRoot = "";
			targets = (
				2FBD5A5B1C78055F002F14A5 /* hw-2 */,
			);
		};
/* End PBXProject section */

/* Begin PBXResourcesBuildPhase section */
		2FBD5A5A1C78055F002F14A5 /* Resources */ = {
			isa = PBXResourcesBuildPhase;
			buildActionMask = 2147483647;
			files = (
				2FBD5A6D1C780560002F14A5 /* LaunchScreen.storyboard in Resources */,
				2FBD5A6A1C780560002F14A5 /* Assets.xcassets in Resources */,
				2F51A0421C7EFA5B0079F824 /* Media.xcassets in Resources */,
				2FBD5A651C780560002F14A5 /* Main.storyboard in Resources */,
			);
			runOnlyForDeploymentPostprocessing = 0;
		};
/* End PBXResourcesBuildPhase section */

/* Begin PBXSourcesBuildPhase section */
		2FBD5A581C78055F002F14A5 /* Sources */ = {
			isa = PBXSourcesBuildPhase;
			buildActionMask = 2147483647;
			files = (
				2FBD5A621C78055F002F14A5 /* DetailViewController.swift in Sources */,
				2F8CCFA41C7E948900152055 /* PlaceTableViewController.swift in Sources */,
				2FBD5A601C78055F002F14A5 /* AppDelegate.swift in Sources */,
				2F51A03F1C7EB9100079F824 /* Place.swift in Sources */,
				2F51A03E1C7EB9100079F824 /* Place+CoreDataProperties.swift in Sources */,
				2F51A0441C7F04C00079F824 /* CustomCell.swift in Sources */,
				2FBD5A681C780560002F14A5 /* hw_2.xcdatamodeld in Sources */,
			);
			runOnlyForDeploymentPostprocessing = 0;
		};
/* End PBXSourcesBuildPhase section */

/* Begin PBXVariantGroup section */
		2FBD5A631C780560002F14A5 /* Main.storyboard */ = {
			isa = PBXVariantGroup;
			children = (
				2FBD5A641C780560002F14A5 /* Base */,
			);
			name = Main.storyboard;
			sourceTree = "<group>";
		};
		2FBD5A6B1C780560002F14A5 /* LaunchScreen.storyboard */ = {
			isa = PBXVariantGroup;
			children = (
				2FBD5A6C1C780560002F14A5 /* Base */,
			);
			name = LaunchScreen.storyboard;
			sourceTree = "<group>";
		};
/* End PBXVariantGroup section */

/* Begin XCBuildConfiguration section */
		2FBD5A6F1C780560002F14A5 /* Debug */ = {
			isa = XCBuildConfiguration;
			buildSettings = {
				ALWAYS_SEARCH_USER_PATHS = NO;
				CLANG_CXX_LANGUAGE_STANDARD = "gnu++0x";
				CLANG_CXX_LIBRARY = "libc++";
				CLANG_ENABLE_MODULES = YES;
				CLANG_ENABLE_OBJC_ARC = YES;
				CLANG_WARN_BOOL_CONVERSION = YES;
				CLANG_WARN_CONSTANT_CONVERSION = YES;
				CLANG_WARN_DIRECT_OBJC_ISA_USAGE = YES_ERROR;
				CLANG_WARN_EMPTY_BODY = YES;
				CLANG_WARN_ENUM_CONVERSION = YES;
				CLANG_WARN_INT_CONVERSION = YES;
				CLANG_WARN_OBJC_ROOT_CLASS = YES_ERROR;
				CLANG_WARN_UNREACHABLE_CODE = YES;
				CLANG_WARN__DUPLICATE_METHOD_MATCH = YES;
				"CODE_SIGN_IDENTITY[sdk=iphoneos*]" = "iPhone Developer";
				COPY_PHASE_STRIP = NO;
				DEBUG_INFORMATION_FORMAT = dwarf;
				ENABLE_STRICT_OBJC_MSGSEND = YES;
				ENABLE_TESTABILITY = YES;
				GCC_C_LANGUAGE_STANDARD = gnu99;
				GCC_DYNAMIC_NO_PIC = NO;
				GCC_NO_COMMON_BLOCKS = YES;
				GCC_OPTIMIZATION_LEVEL = 0;
				GCC_PREPROCESSOR_DEFINITIONS = (
					"DEBUG=1",
					"$(inherited)",
				);
				GCC_WARN_64_TO_32_BIT_CONVERSION = YES;
				GCC_WARN_ABOUT_RETURN_TYPE = YES_ERROR;
				GCC_WARN_UNDECLARED_SELECTOR = YES;
				GCC_WARN_UNINITIALIZED_AUTOS = YES_AGGRESSIVE;
				GCC_WARN_UNUSED_FUNCTION = YES;
				GCC_WARN_UNUSED_VARIABLE = YES;
				IPHONEOS_DEPLOYMENT_TARGET = 9.2;
				MTL_ENABLE_DEBUG_INFO = YES;
				ONLY_ACTIVE_ARCH = YES;
				SDKROOT = iphoneos;
				SWIFT_OPTIMIZATION_LEVEL = "-Onone";
				TARGETED_DEVICE_FAMILY = "1,2";
			};
			name = Debug;
		};
		2FBD5A701C780560002F14A5 /* Release */ = {
			isa = XCBuildConfiguration;
			buildSettings = {
				ALWAYS_SEARCH_USER_PATHS = NO;
				CLANG_CXX_LANGUAGE_STANDARD = "gnu++0x";
				CLANG_CXX_LIBRARY = "libc++";
				CLANG_ENABLE_MODULES = YES;
				CLANG_ENABLE_OBJC_ARC = YES;
				CLANG_WARN_BOOL_CONVERSION = YES;
				CLANG_WARN_CONSTANT_CONVERSION = YES;
				CLANG_WARN_DIRECT_OBJC_ISA_USAGE = YES_ERROR;
				CLANG_WARN_EMPTY_BODY = YES;
				CLANG_WARN_ENUM_CONVERSION = YES;
				CLANG_WARN_INT_CONVERSION = YES;
				CLANG_WARN_OBJC_ROOT_CLASS = YES_ERROR;
				CLANG_WARN_UNREACHABLE_CODE = YES;
				CLANG_WARN__DUPLICATE_METHOD_MATCH = YES;
				"CODE_SIGN_IDENTITY[sdk=iphoneos*]" = "iPhone Developer";
				COPY_PHASE_STRIP = NO;
				DEBUG_INFORMATION_FORMAT = "dwarf-with-dsym";
				ENABLE_NS_ASSERTIONS = NO;
				ENABLE_STRICT_OBJC_MSGSEND = YES;
				GCC_C_LANGUAGE_STANDARD = gnu99;
				GCC_NO_COMMON_BLOCKS = YES;
				GCC_WARN_64_TO_32_BIT_CONVERSION = YES;
				GCC_WARN_ABOUT_RETURN_TYPE = YES_ERROR;
				GCC_WARN_UNDECLARED_SELECTOR = YES;
				GCC_WARN_UNINITIALIZED_AUTOS = YES_AGGRESSIVE;
				GCC_WARN_UNUSED_FUNCTION = YES;
				GCC_WARN_UNUSED_VARIABLE = YES;
				IPHONEOS_DEPLOYMENT_TARGET = 9.2;
				MTL_ENABLE_DEBUG_INFO = NO;
				SDKROOT = iphoneos;
				TARGETED_DEVICE_FAMILY = "1,2";
				VALIDATE_PRODUCT = YES;
			};
			name = Release;
		};
		2FBD5A721C780560002F14A5 /* Debug */ = {
			isa = XCBuildConfiguration;
			buildSettings = {
				ASSETCATALOG_COMPILER_APPICON_NAME = AppIcon;
				INFOPLIST_FILE = "hw-2/Info.plist";
				LD_RUNPATH_SEARCH_PATHS = "$(inherited) @executable_path/Frameworks";
				PRODUCT_BUNDLE_IDENTIFIER = "edu.asu.bscs.tkbrocke.hw-2";
				PRODUCT_NAME = "$(TARGET_NAME)";
			};
			name = Debug;
		};
		2FBD5A731C780560002F14A5 /* Release */ = {
			isa = XCBuildConfiguration;
			buildSettings = {
				ASSETCATALOG_COMPILER_APPICON_NAME = AppIcon;
				INFOPLIST_FILE = "hw-2/Info.plist";
				LD_RUNPATH_SEARCH_PATHS = "$(inherited) @executable_path/Frameworks";
				PRODUCT_BUNDLE_IDENTIFIER = "edu.asu.bscs.tkbrocke.hw-2";
				PRODUCT_NAME = "$(TARGET_NAME)";
			};
			name = Release;
		};
/* End XCBuildConfiguration section */

/* Begin XCConfigurationList section */
		2FBD5A571C78055F002F14A5 /* Build configuration list for PBXProject "hw-2" */ = {
			isa = XCConfigurationList;
			buildConfigurations = (
				2FBD5A6F1C780560002F14A5 /* Debug */,
				2FBD5A701C780560002F14A5 /* Release */,
			);
			defaultConfigurationIsVisible = 0;
			defaultConfigurationName = Release;
		};
		2FBD5A711C780560002F14A5 /* Build configuration list for PBXNativeTarget "hw-2" */ = {
			isa = XCConfigurationList;
			buildConfigurations = (
				2FBD5A721C780560002F14A5 /* Debug */,
				2FBD5A731C780560002F14A5 /* Release */,
			);
			defaultConfigurationIsVisible = 0;
			defaultConfigurationName = Release;
		};
/* End XCConfigurationList section */

/* Begin XCVersionGroup section */
		2FBD5A661C780560002F14A5 /* hw_2.xcdatamodeld */ = {
			isa = XCVersionGroup;
			children = (
				2FBD5A671C780560002F14A5 /* hw_2.xcdatamodel */,
			);
			currentVersion = 2FBD5A671C780560002F14A5 /* hw_2.xcdatamodel */;
			path = hw_2.xcdatamodeld;
			sourceTree = "<group>";
			versionGroupType = wrapper.xcdatamodel;
		};
/* End XCVersionGroup section */
	};
	rootObject = 2FBD5A541C78055F002F14A5 /* Project object */;
}
